// !$*UTF8*$!
{
	archiveVersion = 1;
	classes = {
	};
	objectVersion = 46;
	objects = {

/* Begin PBXBuildFile section */
		F468230A1CC2968F00D22CE7 /* AppDelegate.swift in Sources */ = {isa = PBXBuildFile; fileRef = F46823091CC2968F00D22CE7 /* AppDelegate.swift */; };
		F468230C1CC2968F00D22CE7 /* ViewController.swift in Sources */ = {isa = PBXBuildFile; fileRef = F468230B1CC2968F00D22CE7 /* ViewController.swift */; };
		F468230F1CC2968F00D22CE7 /* Main.storyboard in Resources */ = {isa = PBXBuildFile; fileRef = F468230D1CC2968F00D22CE7 /* Main.storyboard */; };
		F46823111CC2968F00D22CE7 /* Assets.xcassets in Resources */ = {isa = PBXBuildFile; fileRef = F46823101CC2968F00D22CE7 /* Assets.xcassets */; };
		F46823141CC2968F00D22CE7 /* LaunchScreen.storyboard in Resources */ = {isa = PBXBuildFile; fileRef = F46823121CC2968F00D22CE7 /* LaunchScreen.storyboard */; };
		F468231F1CC2968F00D22CE7 /* Bomb_ExampleTests.swift in Sources */ = {isa = PBXBuildFile; fileRef = F468231E1CC2968F00D22CE7 /* Bomb_ExampleTests.swift */; };
		F468232A1CC2969000D22CE7 /* Bomb_ExampleUITests.swift in Sources */ = {isa = PBXBuildFile; fileRef = F46823291CC2969000D22CE7 /* Bomb_ExampleUITests.swift */; };
/* End PBXBuildFile section */

/* Begin PBXContainerItemProxy section */
		F468231B1CC2968F00D22CE7 /* PBXContainerItemProxy */ = {
			isa = PBXContainerItemProxy;
			containerPortal = F46822FE1CC2968F00D22CE7 /* Project object */;
			proxyType = 1;
			remoteGlobalIDString = F46823051CC2968F00D22CE7;
			remoteInfo = "Bomb Example";
		};
		F46823261CC2968F00D22CE7 /* PBXContainerItemProxy */ = {
			isa = PBXContainerItemProxy;
			containerPortal = F46822FE1CC2968F00D22CE7 /* Project object */;
			proxyType = 1;
			remoteGlobalIDString = F46823051CC2968F00D22CE7;
			remoteInfo = "Bomb Example";
		};
/* End PBXContainerItemProxy section */

/* Begin PBXFileReference section */
		F46823061CC2968F00D22CE7 /* Bomb Example.app */ = {isa = PBXFileReference; explicitFileType = wrapper.application; includeInIndex = 0; path = "Bomb Example.app"; sourceTree = BUILT_PRODUCTS_DIR; };
		F46823091CC2968F00D22CE7 /* AppDelegate.swift */ = {isa = PBXFileReference; lastKnownFileType = sourcecode.swift; path = AppDelegate.swift; sourceTree = "<group>"; };
		F468230B1CC2968F00D22CE7 /* ViewController.swift */ = {isa = PBXFileReference; lastKnownFileType = sourcecode.swift; path = ViewController.swift; sourceTree = "<group>"; };
		F468230E1CC2968F00D22CE7 /* Base */ = {isa = PBXFileReference; lastKnownFileType = file.storyboard; name = Base; path = Base.lproj/Main.storyboard; sourceTree = "<group>"; };
		F46823101CC2968F00D22CE7 /* Assets.xcassets */ = {isa = PBXFileReference; lastKnownFileType = folder.assetcatalog; path = Assets.xcassets; sourceTree = "<group>"; };
		F46823131CC2968F00D22CE7 /* Base */ = {isa = PBXFileReference; lastKnownFileType = file.storyboard; name = Base; path = Base.lproj/LaunchScreen.storyboard; sourceTree = "<group>"; };
		F46823151CC2968F00D22CE7 /* Info.plist */ = {isa = PBXFileReference; lastKnownFileType = text.plist.xml; path = Info.plist; sourceTree = "<group>"; };
		F468231A1CC2968F00D22CE7 /* Bomb ExampleTests.xctest */ = {isa = PBXFileReference; explicitFileType = wrapper.cfbundle; includeInIndex = 0; path = "Bomb ExampleTests.xctest"; sourceTree = BUILT_PRODUCTS_DIR; };
		F468231E1CC2968F00D22CE7 /* Bomb_ExampleTests.swift */ = {isa = PBXFileReference; lastKnownFileType = sourcecode.swift; path = Bomb_ExampleTests.swift; sourceTree = "<group>"; };
		F46823201CC2968F00D22CE7 /* Info.plist */ = {isa = PBXFileReference; lastKnownFileType = text.plist.xml; path = Info.plist; sourceTree = "<group>"; };
		F46823251CC2968F00D22CE7 /* Bomb ExampleUITests.xctest */ = {isa = PBXFileReference; explicitFileType = wrapper.cfbundle; includeInIndex = 0; path = "Bomb ExampleUITests.xctest"; sourceTree = BUILT_PRODUCTS_DIR; };
		F46823291CC2969000D22CE7 /* Bomb_ExampleUITests.swift */ = {isa = PBXFileReference; lastKnownFileType = sourcecode.swift; path = Bomb_ExampleUITests.swift; sourceTree = "<group>"; };
		F468232B1CC2969000D22CE7 /* Info.plist */ = {isa = PBXFileReference; lastKnownFileType = text.plist.xml; path = Info.plist; sourceTree = "<group>"; };
/* End PBXFileReference section */

/* Begin PBXFrameworksBuildPhase section */
		F46823031CC2968F00D22CE7 /* Frameworks */ = {
			isa = PBXFrameworksBuildPhase;
			buildActionMask = 2147483647;
			files = (
			);
			runOnlyForDeploymentPostprocessing = 0;
		};
		F46823171CC2968F00D22CE7 /* Frameworks */ = {
			isa = PBXFrameworksBuildPhase;
			buildActionMask = 2147483647;
			files = (
			);
			runOnlyForDeploymentPostprocessing = 0;
		};
		F46823221CC2968F00D22CE7 /* Frameworks */ = {
			isa = PBXFrameworksBuildPhase;
			buildActionMask = 2147483647;
			files = (
			);
			runOnlyForDeploymentPostprocessing = 0;
		};
/* End PBXFrameworksBuildPhase section */

/* Begin PBXGroup section */
		F46822FD1CC2968F00D22CE7 = {
			isa = PBXGroup;
			children = (
				F46823081CC2968F00D22CE7 /* Bomb Example */,
				F468231D1CC2968F00D22CE7 /* Bomb ExampleTests */,
				F46823281CC2968F00D22CE7 /* Bomb ExampleUITests */,
				F46823071CC2968F00D22CE7 /* Products */,
			);
			sourceTree = "<group>";
		};
		F46823071CC2968F00D22CE7 /* Products */ = {
			isa = PBXGroup;
			children = (
				F46823061CC2968F00D22CE7 /* Bomb Example.app */,
				F468231A1CC2968F00D22CE7 /* Bomb ExampleTests.xctest */,
				F46823251CC2968F00D22CE7 /* Bomb ExampleUITests.xctest */,
			);
			name = Products;
			sourceTree = "<group>";
		};
		F46823081CC2968F00D22CE7 /* Bomb Example */ = {
			isa = PBXGroup;
			children = (
				F46823091CC2968F00D22CE7 /* AppDelegate.swift */,
				F468230B1CC2968F00D22CE7 /* ViewController.swift */,
				F468230D1CC2968F00D22CE7 /* Main.storyboard */,
				F46823101CC2968F00D22CE7 /* Assets.xcassets */,
				F46823121CC2968F00D22CE7 /* LaunchScreen.storyboard */,
				F46823151CC2968F00D22CE7 /* Info.plist */,
			);
			path = "Bomb Example";
			sourceTree = "<group>";
		};
		F468231D1CC2968F00D22CE7 /* Bomb ExampleTests */ = {
			isa = PBXGroup;
			children = (
				F468231E1CC2968F00D22CE7 /* Bomb_ExampleTests.swift */,
				F46823201CC2968F00D22CE7 /* Info.plist */,
			);
			path = "Bomb ExampleTests";
			sourceTree = "<group>";
		};
		F46823281CC2968F00D22CE7 /* Bomb ExampleUITests */ = {
			isa = PBXGroup;
			children = (
				F46823291CC2969000D22CE7 /* Bomb_ExampleUITests.swift */,
				F468232B1CC2969000D22CE7 /* Info.plist */,
			);
			path = "Bomb ExampleUITests";
			sourceTree = "<group>";
		};
/* End PBXGroup section */

/* Begin PBXNativeTarget section */
		F46823051CC2968F00D22CE7 /* Bomb Example */ = {
			isa = PBXNativeTarget;
			buildConfigurationList = F468232E1CC2969000D22CE7 /* Build configuration list for PBXNativeTarget "Bomb Example" */;
			buildPhases = (
				F46823021CC2968F00D22CE7 /* Sources */,
				F46823031CC2968F00D22CE7 /* Frameworks */,
				F46823041CC2968F00D22CE7 /* Resources */,
			);
			buildRules = (
			);
			dependencies = (
			);
			name = "Bomb Example";
			productName = "Bomb Example";
			productReference = F46823061CC2968F00D22CE7 /* Bomb Example.app */;
			productType = "com.apple.product-type.application";
		};
		F46823191CC2968F00D22CE7 /* Bomb ExampleTests */ = {
			isa = PBXNativeTarget;
			buildConfigurationList = F46823311CC2969000D22CE7 /* Build configuration list for PBXNativeTarget "Bomb ExampleTests" */;
			buildPhases = (
				F46823161CC2968F00D22CE7 /* Sources */,
				F46823171CC2968F00D22CE7 /* Frameworks */,
				F46823181CC2968F00D22CE7 /* Resources */,
			);
			buildRules = (
			);
			dependencies = (
				F468231C1CC2968F00D22CE7 /* PBXTargetDependency */,
			);
			name = "Bomb ExampleTests";
			productName = "Bomb ExampleTests";
			productReference = F468231A1CC2968F00D22CE7 /* Bomb ExampleTests.xctest */;
			productType = "com.apple.product-type.bundle.unit-test";
		};
		F46823241CC2968F00D22CE7 /* Bomb ExampleUITests */ = {
			isa = PBXNativeTarget;
			buildConfigurationList = F46823341CC2969000D22CE7 /* Build configuration list for PBXNativeTarget "Bomb ExampleUITests" */;
			buildPhases = (
				F46823211CC2968F00D22CE7 /* Sources */,
				F46823221CC2968F00D22CE7 /* Frameworks */,
				F46823231CC2968F00D22CE7 /* Resources */,
			);
			buildRules = (
			);
			dependencies = (
				F46823271CC2968F00D22CE7 /* PBXTargetDependency */,
			);
			name = "Bomb ExampleUITests";
			productName = "Bomb ExampleUITests";
			productReference = F46823251CC2968F00D22CE7 /* Bomb ExampleUITests.xctest */;
			productType = "com.apple.product-type.bundle.ui-testing";
		};
/* End PBXNativeTarget section */

/* Begin PBXProject section */
		F46822FE1CC2968F00D22CE7 /* Project object */ = {
			isa = PBXProject;
			attributes = {
				LastSwiftUpdateCheck = 0730;
				LastUpgradeCheck = 0730;
				ORGANIZATIONNAME = "Todd Bocik";
				TargetAttributes = {
					F46823051CC2968F00D22CE7 = {
						CreatedOnToolsVersion = 7.3;
					};
					F46823191CC2968F00D22CE7 = {
						CreatedOnToolsVersion = 7.3;
						TestTargetID = F46823051CC2968F00D22CE7;
					};
					F46823241CC2968F00D22CE7 = {
						CreatedOnToolsVersion = 7.3;
						TestTargetID = F46823051CC2968F00D22CE7;
					};
				};
			};
			buildConfigurationList = F46823011CC2968F00D22CE7 /* Build configuration list for PBXProject "Bomb Example" */;
			compatibilityVersion = "Xcode 3.2";
			developmentRegion = English;
			hasScannedForEncodings = 0;
			knownRegions = (
				en,
				Base,
			);
			mainGroup = F46822FD1CC2968F00D22CE7;
			productRefGroup = F46823071CC2968F00D22CE7 /* Products */;
			projectDirPath = "";
			projectRoot = "";
			targets = (
				F46823051CC2968F00D22CE7 /* Bomb Example */,
				F46823191CC2968F00D22CE7 /* Bomb ExampleTests */,
				F46823241CC2968F00D22CE7 /* Bomb ExampleUITests */,
			);
		};
/* End PBXProject section */

/* Begin PBXResourcesBuildPhase section */
		F46823041CC2968F00D22CE7 /* Resources */ = {
			isa = PBXResourcesBuildPhase;
			buildActionMask = 2147483647;
			files = (
				F46823141CC2968F00D22CE7 /* LaunchScreen.storyboard in Resources */,
				F46823111CC2968F00D22CE7 /* Assets.xcassets in Resources */,
				F468230F1CC2968F00D22CE7 /* Main.storyboard in Resources */,
			);
			runOnlyForDeploymentPostprocessing = 0;
		};
		F46823181CC2968F00D22CE7 /* Resources */ = {
			isa = PBXResourcesBuildPhase;
			buildActionMask = 2147483647;
			files = (
			);
			runOnlyForDeploymentPostprocessing = 0;
		};
		F46823231CC2968F00D22CE7 /* Resources */ = {
			isa = PBXResourcesBuildPhase;
			buildActionMask = 2147483647;
			files = (
			);
			runOnlyForDeploymentPostprocessing = 0;
		};
/* End PBXResourcesBuildPhase section */

/* Begin PBXSourcesBuildPhase section */
		F46823021CC2968F00D22CE7 /* Sources */ = {
			isa = PBXSourcesBuildPhase;
			buildActionMask = 2147483647;
			files = (
				F468230C1CC2968F00D22CE7 /* ViewController.swift in Sources */,
				F468230A1CC2968F00D22CE7 /* AppDelegate.swift in Sources */,
			);
			runOnlyForDeploymentPostprocessing = 0;
		};
		F46823161CC2968F00D22CE7 /* Sources */ = {
			isa = PBXSourcesBuildPhase;
			buildActionMask = 2147483647;
			files = (
				F468231F1CC2968F00D22CE7 /* Bomb_ExampleTests.swift in Sources */,
			);
			runOnlyForDeploymentPostprocessing = 0;
		};
		F46823211CC2968F00D22CE7 /* Sources */ = {
			isa = PBXSourcesBuildPhase;
			buildActionMask = 2147483647;
			files = (
				F468232A1CC2969000D22CE7 /* Bomb_ExampleUITests.swift in Sources */,
			);
			runOnlyForDeploymentPostprocessing = 0;
		};
/* End PBXSourcesBuildPhase section */

/* Begin PBXTargetDependency section */
		F468231C1CC2968F00D22CE7 /* PBXTargetDependency */ = {
			isa = PBXTargetDependency;
			target = F46823051CC2968F00D22CE7 /* Bomb Example */;
			targetProxy = F468231B1CC2968F00D22CE7 /* PBXContainerItemProxy */;
		};
		F46823271CC2968F00D22CE7 /* PBXTargetDependency */ = {
			isa = PBXTargetDependency;
			target = F46823051CC2968F00D22CE7 /* Bomb Example */;
			targetProxy = F46823261CC2968F00D22CE7 /* PBXContainerItemProxy */;
		};
/* End PBXTargetDependency section */

/* Begin PBXVariantGroup section */
		F468230D1CC2968F00D22CE7 /* Main.storyboard */ = {
			isa = PBXVariantGroup;
			children = (
				F468230E1CC2968F00D22CE7 /* Base */,
			);
			name = Main.storyboard;
			sourceTree = "<group>";
		};
		F46823121CC2968F00D22CE7 /* LaunchScreen.storyboard */ = {
			isa = PBXVariantGroup;
			children = (
				F46823131CC2968F00D22CE7 /* Base */,
			);
			name = LaunchScreen.storyboard;
			sourceTree = "<group>";
		};
/* End PBXVariantGroup section */

/* Begin XCBuildConfiguration section */
		F468232C1CC2969000D22CE7 /* Debug */ = {
			isa = XCBuildConfiguration;
			buildSettings = {
				ALWAYS_SEARCH_USER_PATHS = NO;
				CLANG_ANALYZER_NONNULL = YES;
				CLANG_CXX_LANGUAGE_STANDARD = "gnu++0x";
				CLANG_CXX_LIBRARY = "libc++";
				CLANG_ENABLE_MODULES = YES;
				CLANG_ENABLE_OBJC_ARC = YES;
				CLANG_WARN_BOOL_CONVERSION = YES;
				CLANG_WARN_CONSTANT_CONVERSION = YES;
				CLANG_WARN_DIRECT_OBJC_ISA_USAGE = YES_ERROR;
				CLANG_WARN_EMPTY_BODY = YES;
				CLANG_WARN_ENUM_CONVERSION = YES;
				CLANG_WARN_INT_CONVERSION = YES;
				CLANG_WARN_OBJC_ROOT_CLASS = YES_ERROR;
				CLANG_WARN_UNREACHABLE_CODE = YES;
				CLANG_WARN__DUPLICATE_METHOD_MATCH = YES;
				"CODE_SIGN_IDENTITY[sdk=iphoneos*]" = "iPhone Developer";
				COPY_PHASE_STRIP = NO;
				DEBUG_INFORMATION_FORMAT = dwarf;
				ENABLE_STRICT_OBJC_MSGSEND = YES;
				ENABLE_TESTABILITY = YES;
				GCC_C_LANGUAGE_STANDARD = gnu99;
				GCC_DYNAMIC_NO_PIC = NO;
				GCC_NO_COMMON_BLOCKS = YES;
				GCC_OPTIMIZATION_LEVEL = 0;
				GCC_PREPROCESSOR_DEFINITIONS = (
					"DEBUG=1",
					"$(inherited)",
				);
				GCC_WARN_64_TO_32_BIT_CONVERSION = YES;
				GCC_WARN_ABOUT_RETURN_TYPE = YES_ERROR;
				GCC_WARN_UNDECLARED_SELECTOR = YES;
				GCC_WARN_UNINITIALIZED_AUTOS = YES_AGGRESSIVE;
				GCC_WARN_UNUSED_FUNCTION = YES;
				GCC_WARN_UNUSED_VARIABLE = YES;
				IPHONEOS_DEPLOYMENT_TARGET = 9.3;
				MTL_ENABLE_DEBUG_INFO = YES;
				ONLY_ACTIVE_ARCH = YES;
				SDKROOT = iphoneos;
				SWIFT_OPTIMIZATION_LEVEL = "-Onone";
			};
			name = Debug;
		};
		F468232D1CC2969000D22CE7 /* Release */ = {
			isa = XCBuildConfiguration;
			buildSettings = {
				ALWAYS_SEARCH_USER_PATHS = NO;
				CLANG_ANALYZER_NONNULL = YES;
				CLANG_CXX_LANGUAGE_STANDARD = "gnu++0x";
				CLANG_CXX_LIBRARY = "libc++";
				CLANG_ENABLE_MODULES = YES;
				CLANG_ENABLE_OBJC_ARC = YES;
				CLANG_WARN_BOOL_CONVERSION = YES;
				CLANG_WARN_CONSTANT_CONVERSION = YES;
				CLANG_WARN_DIRECT_OBJC_ISA_USAGE = YES_ERROR;
				CLANG_WARN_EMPTY_BODY = YES;
				CLANG_WARN_ENUM_CONVERSION = YES;
				CLANG_WARN_INT_CONVERSION = YES;
				CLANG_WARN_OBJC_ROOT_CLASS = YES_ERROR;
				CLANG_WARN_UNREACHABLE_CODE = YES;
				CLANG_WARN__DUPLICATE_METHOD_MATCH = YES;
				"CODE_SIGN_IDENTITY[sdk=iphoneos*]" = "iPhone Developer";
				COPY_PHASE_STRIP = NO;
				DEBUG_INFORMATION_FORMAT = "dwarf-with-dsym";
				ENABLE_NS_ASSERTIONS = NO;
				ENABLE_STRICT_OBJC_MSGSEND = YES;
				GCC_C_LANGUAGE_STANDARD = gnu99;
				GCC_NO_COMMON_BLOCKS = YES;
				GCC_WARN_64_TO_32_BIT_CONVERSION = YES;
				GCC_WARN_ABOUT_RETURN_TYPE = YES_ERROR;
				GCC_WARN_UNDECLARED_SELECTOR = YES;
				GCC_WARN_UNINITIALIZED_AUTOS = YES_AGGRESSIVE;
				GCC_WARN_UNUSED_FUNCTION = YES;
				GCC_WARN_UNUSED_VARIABLE = YES;
				IPHONEOS_DEPLOYMENT_TARGET = 9.3;
				MTL_ENABLE_DEBUG_INFO = NO;
				SDKROOT = iphoneos;
				VALIDATE_PRODUCT = YES;
			};
			name = Release;
		};
		F468232F1CC2969000D22CE7 /* Debug */ = {
			isa = XCBuildConfiguration;
			buildSettings = {
				ASSETCATALOG_COMPILER_APPICON_NAME = AppIcon;
				CODE_SIGN_IDENTITY = "iPhone Developer";
				INFOPLIST_FILE = "Bomb Example/Info.plist";
				LD_RUNPATH_SEARCH_PATHS = "$(inherited) @executable_path/Frameworks";
				PRODUCT_BUNDLE_IDENTIFIER = "bocikt.com.Bomb-Example";
				PRODUCT_NAME = "$(TARGET_NAME)";
			};
			name = Debug;
		};
		F46823301CC2969000D22CE7 /* Release */ = {
			isa = XCBuildConfiguration;
			buildSettings = {
				ASSETCATALOG_COMPILER_APPICON_NAME = AppIcon;
				CODE_SIGN_IDENTITY = "iPhone Developer";
				INFOPLIST_FILE = "Bomb Example/Info.plist";
				LD_RUNPATH_SEARCH_PATHS = "$(inherited) @executable_path/Frameworks";
				PRODUCT_BUNDLE_IDENTIFIER = "bocikt.com.Bomb-Example";
				PRODUCT_NAME = "$(TARGET_NAME)";
			};
			name = Release;
		};
		F46823321CC2969000D22CE7 /* Debug */ = {
			isa = XCBuildConfiguration;
			buildSettings = {
				BUNDLE_LOADER = "$(TEST_HOST)";
				INFOPLIST_FILE = "Bomb ExampleTests/Info.plist";
				LD_RUNPATH_SEARCH_PATHS = "$(inherited) @executable_path/Frameworks @loader_path/Frameworks";
				PRODUCT_BUNDLE_IDENTIFIER = "bocikt.com.Bomb-ExampleTests";
				PRODUCT_NAME = "$(TARGET_NAME)";
				TEST_HOST = "$(BUILT_PRODUCTS_DIR)/Bomb Example.app/Bomb Example";
			};
			name = Debug;
		};
		F46823331CC2969000D22CE7 /* Release */ = {
			isa = XCBuildConfiguration;
			buildSettings = {
				BUNDLE_LOADER = "$(TEST_HOST)";
				INFOPLIST_FILE = "Bomb ExampleTests/Info.plist";
				LD_RUNPATH_SEARCH_PATHS = "$(inherited) @executable_path/Frameworks @loader_path/Frameworks";
				PRODUCT_BUNDLE_IDENTIFIER = "bocikt.com.Bomb-ExampleTests";
				PRODUCT_NAME = "$(TARGET_NAME)";
				TEST_HOST = "$(BUILT_PRODUCTS_DIR)/Bomb Example.app/Bomb Example";
			};
			name = Release;
		};
		F46823351CC2969000D22CE7 /* Debug */ = {
			isa = XCBuildConfiguration;
			buildSettings = {
				INFOPLIST_FILE = "Bomb ExampleUITests/Info.plist";
				LD_RUNPATH_SEARCH_PATHS = "$(inherited) @executable_path/Frameworks @loader_path/Frameworks";
				PRODUCT_BUNDLE_IDENTIFIER = "bocikt.com.Bomb-ExampleUITests";
				PRODUCT_NAME = "$(TARGET_NAME)";
				TEST_TARGET_NAME = "Bomb Example";
			};
			name = Debug;
		};
		F46823361CC2969000D22CE7 /* Release */ = {
			isa = XCBuildConfiguration;
			buildSettings = {
				INFOPLIST_FILE = "Bomb ExampleUITests/Info.plist";
				LD_RUNPATH_SEARCH_PATHS = "$(inherited) @executable_path/Frameworks @loader_path/Frameworks";
				PRODUCT_BUNDLE_IDENTIFIER = "bocikt.com.Bomb-ExampleUITests";
				PRODUCT_NAME = "$(TARGET_NAME)";
				TEST_TARGET_NAME = "Bomb Example";
			};
			name = Release;
		};
/* End XCBuildConfiguration section */

/* Begin XCConfigurationList section */
		F46823011CC2968F00D22CE7 /* Build configuration list for PBXProject "Bomb Example" */ = {
			isa = XCConfigurationList;
			buildConfigurations = (
				F468232C1CC2969000D22CE7 /* Debug */,
				F468232D1CC2969000D22CE7 /* Release */,
			);
			defaultConfigurationIsVisible = 0;
			defaultConfigurationName = Release;
		};
		F468232E1CC2969000D22CE7 /* Build configuration list for PBXNativeTarget "Bomb Example" */ = {
			isa = XCConfigurationList;
			buildConfigurations = (
				F468232F1CC2969000D22CE7 /* Debug */,
				F46823301CC2969000D22CE7 /* Release */,
			);
			defaultConfigurationIsVisible = 0;
		};
		F46823311CC2969000D22CE7 /* Build configuration list for PBXNativeTarget "Bomb ExampleTests" */ = {
			isa = XCConfigurationList;
			buildConfigurations = (
				F46823321CC2969000D22CE7 /* Debug */,
				F46823331CC2969000D22CE7 /* Release */,
			);
			defaultConfigurationIsVisible = 0;
		};
		F46823341CC2969000D22CE7 /* Build configuration list for PBXNativeTarget "Bomb ExampleUITests" */ = {
			isa = XCConfigurationList;
			buildConfigurations = (
				F46823351CC2969000D22CE7 /* Debug */,
				F46823361CC2969000D22CE7 /* Release */,
			);
			defaultConfigurationIsVisible = 0;
		};
/* End XCConfigurationList section */
	};
	rootObject = F46822FE1CC2968F00D22CE7 /* Project object */;
}
